
Microsoft Visual Studio Solution File, Format Version 12.00
# Visual Studio Version 16
VisualStudioVersion = 16.0.34031.81
MinimumVisualStudioVersion = 10.0.40219.1
Project("{FAE04EC0-301F-11D3-BF4B-00C04F79EFBC}") = "TranslateAPP", "TranslateAPP\TranslateAPP.csproj", "{59C999B9-F940-4094-982C-696D357A7479}"
EndProject
Global
	GlobalSection(SolutionConfigurationPlatforms) = preSolution
		Debug|Any CPU = Debug|Any CPU
		Release|Any CPU = Release|Any CPU
	EndGlobalSection
	GlobalSection(ProjectConfigurationPlatforms) = postSolution
		{59C999B9-F940-4094-982C-696D357A7479}.Debug|Any CPU.ActiveCfg = Debug|Any CPU
		{59C999B9-F940-4094-982C-696D357A7479}.Debug|Any CPU.Build.0 = Debug|Any CPU
		{59C999B9-F940-4094-982C-696D357A7479}.Release|Any CPU.ActiveCfg = Release|Any CPU
		{59C999B9-F940-4094-982C-696D357A7479}.Release|Any CPU.Build.0 = Release|Any CPU
	EndGlobalSection
	GlobalSection(SolutionProperties) = preSolution
		HideSolutionNode = FALSE
	EndGlobalSection
	GlobalSection(ExtensibilityGlobals) = postSolution
		SolutionGuid = {F69B8663-8344-4F19-AEBB-E57474F1E260}
	EndGlobalSection
EndGlobal
